
Microsoft Visual Studio Solution File, Format Version 12.00
# Visual Studio 2013
VisualStudioVersion = 12.0.21005.1
MinimumVisualStudioVersion = 10.0.40219.1
Project("{FAE04EC0-301F-11D3-BF4B-00C04F79EFBC}") = "GreedKata.Tests", "GreedKata.Tests\GreedKata.Tests.csproj", "{415BEB29-38B3-4527-A3E1-9B74F5E81DF5}"
EndProject
Project("{FAE04EC0-301F-11D3-BF4B-00C04F79EFBC}") = "GreedKata.Models", "GreedKata.Models\GreedKata.Models.csproj", "{3ED686C5-A9B7-4A0D-B2C7-E4FC32FC400C}"
EndProject
Global
	GlobalSection(SolutionConfigurationPlatforms) = preSolution
		Debug|Any CPU = Debug|Any CPU
		Release|Any CPU = Release|Any CPU
	EndGlobalSection
	GlobalSection(ProjectConfigurationPlatforms) = postSolution
		{415BEB29-38B3-4527-A3E1-9B74F5E81DF5}.Debug|Any CPU.ActiveCfg = Debug|Any CPU
		{415BEB29-38B3-4527-A3E1-9B74F5E81DF5}.Debug|Any CPU.Build.0 = Debug|Any CPU
		{415BEB29-38B3-4527-A3E1-9B74F5E81DF5}.Release|Any CPU.ActiveCfg = Release|Any CPU
		{415BEB29-38B3-4527-A3E1-9B74F5E81DF5}.Release|Any CPU.Build.0 = Release|Any CPU
		{3ED686C5-A9B7-4A0D-B2C7-E4FC32FC400C}.Debug|Any CPU.ActiveCfg = Debug|Any CPU
		{3ED686C5-A9B7-4A0D-B2C7-E4FC32FC400C}.Debug|Any CPU.Build.0 = Debug|Any CPU
		{3ED686C5-A9B7-4A0D-B2C7-E4FC32FC400C}.Release|Any CPU.ActiveCfg = Release|Any CPU
		{3ED686C5-A9B7-4A0D-B2C7-E4FC32FC400C}.Release|Any CPU.Build.0 = Release|Any CPU
	EndGlobalSection
	GlobalSection(SolutionProperties) = preSolution
		HideSolutionNode = FALSE
	EndGlobalSection
EndGlobal
